# THIS IS AN AUTOGENERATED FILE. DO NOT EDIT THIS FILE DIRECTLY.
# yarn lockfile v1


coffee-script@>=1.0.1:
  version "1.12.7"
  resolved "https://registry.npm.taobao.org/coffee-script/download/coffee-script-1.12.7.tgz#c05dae0cb79591d05b3070a8433a98c9a89ccc53"
  integrity sha1-wF2uDLeVkdBbMHCoQzqYyaiczFM=

fileset@~0.1.5:
  version "0.1.8"
  resolved "https://registry.npm.taobao.org/fileset/download/fileset-0.1.8.tgz#506b91a9396eaa7e32fb42a84077c7a0c736b741"
  integrity sha1-UGuRqTluqn4y+0KoQHfHoMc2t0E=
  dependencies:
    glob "3.x"
    minimatch "0.x"

gaze@~0.3.2:
  version "0.3.4"
  resolved "https://registry.npm.taobao.org/gaze/download/gaze-0.3.4.tgz#5f94bdda0afe53bc710969bcd6f282548d60c279"
  integrity sha1-X5S92gr+U7xxCWm81vKCVI1gwnk=
  dependencies:
    fileset "~0.1.5"
    minimatch "~0.2.9"

glob@3.x:
  version "3.2.11"
  resolved "https://registry.npm.taobao.org/glob/download/glob-3.2.11.tgz#4a973f635b9190f715d10987d5c00fd2815ebe3d"
  integrity sha1-Spc/Y1uRkPcV0QmH1cAP0oFevj0=
  dependencies:
    inherits "2"
    minimatch "0.3"

growl@~1.7.0:
  version "1.7.0"
  resolved "https://registry.npm.taobao.org/growl/download/growl-1.7.0.tgz#de2d66136d002e112ba70f3f10c31cf7c350b2da"
  integrity sha1-3i1mE20ALhErpw8/EMMc98NQsto=

inherits@2:
  version "2.0.4"
  resolved "https://registry.npm.taobao.org/inherits/download/inherits-2.0.4.tgz#0fa2c64f932917c3433a0ded55363aae37416b7c"
  integrity sha1-D6LGT5MpF8NDOg3tVTY6rjdBa3w=

jasmine-growl-reporter@~0.0.2:
  version "0.0.3"
  resolved "https://registry.npm.taobao.org/jasmine-growl-reporter/download/jasmine-growl-reporter-0.0.3.tgz#b87ae551e359d28ad5217765eaef6c07b763f6c8"
  integrity sha1-uHrlUeNZ0orVIXdl6u9sB7dj9sg=
  dependencies:
    growl "~1.7.0"

jasmine-node@1.14.5:
  version "1.14.5"
  resolved "https://registry.npm.taobao.org/jasmine-node/download/jasmine-node-1.14.5.tgz#18e8397b856924ee77003666c3731b5aea50c39d"
  integrity sha1-GOg5e4VpJO53ADZmw3MbWupQw50=
  dependencies:
    coffee-script ">=1.0.1"
    gaze "~0.3.2"
    jasmine-growl-reporter "~0.0.2"
    jasmine-reporters "~1.0.0"
    mkdirp "~0.3.5"
    requirejs ">=0.27.1"
    underscore ">= 1.3.1"
    walkdir ">= 0.0.1"

jasmine-reporters@~1.0.0:
  version "1.0.2"
  resolved "https://registry.npm.taobao.org/jasmine-reporters/download/jasmine-reporters-1.0.2.tgz#ab613ed5977dc7487e85b3c12f6a8ea8db2ade31"
  integrity sha1-q2E+1Zd9x0h+hbPBL2qOqNsq3jE=
  dependencies:
    mkdirp "~0.3.5"

lru-cache@2:
  version "2.7.3"
  resolved "https://registry.npm.taobao.org/lru-cache/download/lru-cache-2.7.3.tgz#6d4524e8b955f95d4f5b58851ce21dd72fb4e952"
  integrity sha1-bUUk6LlV+V1PW1iFHOId1y+06VI=

minimatch@0.3:
  version "0.3.0"
  resolved "https://registry.npm.taobao.org/minimatch/download/minimatch-0.3.0.tgz?cache=0&other_urls=https%3A%2F%2Fregistry.npm.taobao.org%2Fminimatch%2Fdownload%2Fminimatch-0.3.0.tgz#275d8edaac4f1bb3326472089e7949c8394699dd"
  integrity sha1-J12O2qxPG7MyZHIInnlJyDlGmd0=
  dependencies:
    lru-cache "2"
    sigmund "~1.0.0"

minimatch@0.x:
  version "0.4.0"
  resolved "https://registry.npm.taobao.org/minimatch/download/minimatch-0.4.0.tgz?cache=0&other_urls=https%3A%2F%2Fregistry.npm.taobao.org%2Fminimatch%2Fdownload%2Fminimatch-0.4.0.tgz#bd2c7d060d2c8c8fd7cde7f1f2ed2d5b270fdb1b"
  integrity sha1-vSx9Bg0sjI/Xzefx8u0tWycP2xs=
  dependencies:
    lru-cache "2"
    sigmund "~1.0.0"

minimatch@~0.2.9:
  version "0.2.14"
  resolved "https://registry.npm.taobao.org/minimatch/download/minimatch-0.2.14.tgz?cache=0&other_urls=https%3A%2F%2Fregistry.npm.taobao.org%2Fminimatch%2Fdownload%2Fminimatch-0.2.14.tgz#c74e780574f63c6f9a090e90efbe6ef53a6a756a"
  integrity sha1-x054BXT2PG+aCQ6Q775u9TpqdWo=
  dependencies:
    lru-cache "2"
    sigmund "~1.0.0"

mkdirp@~0.3.5:
  version "0.3.5"
  resolved "https://registry.npm.taobao.org/mkdirp/download/mkdirp-0.3.5.tgz?cache=0&other_urls=https%3A%2F%2Fregistry.npm.taobao.org%2Fmkdirp%2Fdownload%2Fmkdirp-0.3.5.tgz#de3e5f8961c88c787ee1368df849ac4413eca8d7"
  integrity sha1-3j5fiWHIjHh+4TaN+EmsRBPsqNc=

requirejs@>=0.27.1:
  version "2.3.6"
  resolved "https://registry.npm.taobao.org/requirejs/download/requirejs-2.3.6.tgz?cache=0&other_urls=https%3A%2F%2Fregistry.npm.taobao.org%2Frequirejs%2Fdownload%2Frequirejs-2.3.6.tgz#e5093d9601c2829251258c0b9445d4d19fa9e7c9"
  integrity sha1-5Qk9lgHCgpJRJYwLlEXU0Z+p58k=

sigmund@~1.0.0:
  version "1.0.1"
  resolved "https://registry.npm.taobao.org/sigmund/download/sigmund-1.0.1.tgz?cache=0&other_urls=https%3A%2F%2Fregistry.npm.taobao.org%2Fsigmund%2Fdownload%2Fsigmund-1.0.1.tgz#3ff21f198cad2175f9f3b781853fd94d0d19b590"
  integrity sha1-P/IfGYytIXX587eBhT/ZTQ0ZtZA=

"underscore@>= 1.3.1":
  version "1.9.1"
  resolved "https://registry.npm.taobao.org/underscore/download/underscore-1.9.1.tgz#06dce34a0e68a7babc29b365b8e74b8925203961"
  integrity sha1-BtzjSg5op7q8KbNluOdLiSUgOWE=

"walkdir@>= 0.0.1":
  version "0.4.0"
  resolved "https://registry.npm.taobao.org/walkdir/download/walkdir-0.4.0.tgz#6b5a23e4416d27e713eaffc769f88944db0b95e5"
  integrity sha1-a1oj5EFtJ+cT6v/HafiJRNsLleU=
